# THIS IS AN AUTOGENERATED FILE. DO NOT EDIT THIS FILE DIRECTLY.
# yarn lockfile v1


"@simpleview/eslint-config-events-base@https://github.com/simpleviewinc/eslint-config-events.git#master":
  version "1.0.0"
  resolved "https://github.com/simpleviewinc/eslint-config-events.git#df43ebcd12093693f73532a75e19dea33161e0e4"
